// !$*UTF8*$!
{
	archiveVersion = 1;
	classes = {
	};
	objectVersion = 50;
	objects = {

/* Begin PBXBuildFile section */
		2B633DB127C2A16200E1FB5F /* AppDelegate.swift in Sources */ = {isa = PBXBuildFile; fileRef = 2B633DB027C2A16200E1FB5F /* AppDelegate.swift */; };
		2B633DB327C2A16200E1FB5F /* SceneDelegate.swift in Sources */ = {isa = PBXBuildFile; fileRef = 2B633DB227C2A16200E1FB5F /* SceneDelegate.swift */; };
		2B633DB527C2A16200E1FB5F /* ViewController.swift in Sources */ = {isa = PBXBuildFile; fileRef = 2B633DB427C2A16200E1FB5F /* ViewController.swift */; };
		2B633DBA27C2A17800E1FB5F /* Assets.xcassets in Resources */ = {isa = PBXBuildFile; fileRef = 2B633DB927C2A17800E1FB5F /* Assets.xcassets */; };
		2B633DBD27C2A17800E1FB5F /* LaunchScreen.storyboard in Resources */ = {isa = PBXBuildFile; fileRef = 2B633DBB27C2A17800E1FB5F /* LaunchScreen.storyboard */; };
		2B633DC927C2A3D200E1FB5F /* blank_landscape.mp4 in Resources */ = {isa = PBXBuildFile; fileRef = 2B633DC727C2A3D200E1FB5F /* blank_landscape.mp4 */; };
		2B633DCA27C2A3D200E1FB5F /* blank_portrait.mp4 in Resources */ = {isa = PBXBuildFile; fileRef = 2B633DC827C2A3D200E1FB5F /* blank_portrait.mp4 */; };
		2B633DCD27C2A3EC00E1FB5F /* sample.m4a in Resources */ = {isa = PBXBuildFile; fileRef = 2B633DCC27C2A3EC00E1FB5F /* sample.m4a */; };
		2B633DD227C2A7AE00E1FB5F /* AudioMovieExporter.swift in Sources */ = {isa = PBXBuildFile; fileRef = 2B633DD127C2A7AE00E1FB5F /* AudioMovieExporter.swift */; };
		2B633DD527C33BAE00E1FB5F /* AudioMovieConfiguration.swift in Sources */ = {isa = PBXBuildFile; fileRef = 2B633DD427C33BAE00E1FB5F /* AudioMovieConfiguration.swift */; };
		2B633DD927C33FCD00E1FB5F /* AudioMovieExporterDelegate.swift in Sources */ = {isa = PBXBuildFile; fileRef = 2B633DD827C33FCD00E1FB5F /* AudioMovieExporterDelegate.swift */; };
		2B633DE127C3413400E1FB5F /* AudioMovieExporterError.swift in Sources */ = {isa = PBXBuildFile; fileRef = 2B633DE027C3413400E1FB5F /* AudioMovieExporterError.swift */; };
		2B633DE627C3891C00E1FB5F /* EUXLoader.swift in Sources */ = {isa = PBXBuildFile; fileRef = 2B633DE527C3891C00E1FB5F /* EUXLoader.swift */; };
/* End PBXBuildFile section */

/* Begin PBXFileReference section */
		2B633DAD27C2A16200E1FB5F /* AudioExportExample.app */ = {isa = PBXFileReference; explicitFileType = wrapper.application; includeInIndex = 0; path = AudioExportExample.app; sourceTree = BUILT_PRODUCTS_DIR; };
		2B633DB027C2A16200E1FB5F /* AppDelegate.swift */ = {isa = PBXFileReference; lastKnownFileType = sourcecode.swift; path = AppDelegate.swift; sourceTree = "<group>"; };
		2B633DB227C2A16200E1FB5F /* SceneDelegate.swift */ = {isa = PBXFileReference; lastKnownFileType = sourcecode.swift; path = SceneDelegate.swift; sourceTree = "<group>"; };
		2B633DB427C2A16200E1FB5F /* ViewController.swift */ = {isa = PBXFileReference; lastKnownFileType = sourcecode.swift; path = ViewController.swift; sourceTree = "<group>"; };
		2B633DB927C2A17800E1FB5F /* Assets.xcassets */ = {isa = PBXFileReference; lastKnownFileType = folder.assetcatalog; path = Assets.xcassets; sourceTree = "<group>"; };
		2B633DBC27C2A17800E1FB5F /* Base */ = {isa = PBXFileReference; lastKnownFileType = file.storyboard; name = Base; path = Base.lproj/LaunchScreen.storyboard; sourceTree = "<group>"; };
		2B633DBE27C2A17800E1FB5F /* Info.plist */ = {isa = PBXFileReference; lastKnownFileType = text.plist.xml; path = Info.plist; sourceTree = "<group>"; };
		2B633DC727C2A3D200E1FB5F /* blank_landscape.mp4 */ = {isa = PBXFileReference; lastKnownFileType = file; path = blank_landscape.mp4; sourceTree = "<group>"; };
		2B633DC827C2A3D200E1FB5F /* blank_portrait.mp4 */ = {isa = PBXFileReference; lastKnownFileType = file; path = blank_portrait.mp4; sourceTree = "<group>"; };
		2B633DCC27C2A3EC00E1FB5F /* sample.m4a */ = {isa = PBXFileReference; lastKnownFileType = file; path = sample.m4a; sourceTree = "<group>"; };
		2B633DD127C2A7AE00E1FB5F /* AudioMovieExporter.swift */ = {isa = PBXFileReference; lastKnownFileType = sourcecode.swift; path = AudioMovieExporter.swift; sourceTree = "<group>"; };
		2B633DD427C33BAE00E1FB5F /* AudioMovieConfiguration.swift */ = {isa = PBXFileReference; lastKnownFileType = sourcecode.swift; path = AudioMovieConfiguration.swift; sourceTree = "<group>"; };
		2B633DD827C33FCD00E1FB5F /* AudioMovieExporterDelegate.swift */ = {isa = PBXFileReference; lastKnownFileType = sourcecode.swift; path = AudioMovieExporterDelegate.swift; sourceTree = "<group>"; };
		2B633DE027C3413400E1FB5F /* AudioMovieExporterError.swift */ = {isa = PBXFileReference; lastKnownFileType = sourcecode.swift; path = AudioMovieExporterError.swift; sourceTree = "<group>"; };
		2B633DE527C3891C00E1FB5F /* EUXLoader.swift */ = {isa = PBXFileReference; fileEncoding = 4; lastKnownFileType = sourcecode.swift; path = EUXLoader.swift; sourceTree = "<group>"; };
/* End PBXFileReference section */

/* Begin PBXFrameworksBuildPhase section */
		2B633DAA27C2A16200E1FB5F /* Frameworks */ = {
			isa = PBXFrameworksBuildPhase;
			buildActionMask = 2147483647;
			files = (
			);
			runOnlyForDeploymentPostprocessing = 0;
		};
/* End PBXFrameworksBuildPhase section */

/* Begin PBXGroup section */
		2B633DA427C2A16200E1FB5F = {
			isa = PBXGroup;
			children = (
				2B633DAF27C2A16200E1FB5F /* AudioExportExample */,
				2B633DAE27C2A16200E1FB5F /* Products */,
			);
			sourceTree = "<group>";
		};
		2B633DAE27C2A16200E1FB5F /* Products */ = {
			isa = PBXGroup;
			children = (
				2B633DAD27C2A16200E1FB5F /* AudioExportExample.app */,
			);
			name = Products;
			sourceTree = "<group>";
		};
		2B633DAF27C2A16200E1FB5F /* AudioExportExample */ = {
			isa = PBXGroup;
			children = (
				2B633DE827C3892100E1FB5F /* Libraries */,
				2B633DCC27C2A3EC00E1FB5F /* sample.m4a */,
				2B633DB027C2A16200E1FB5F /* AppDelegate.swift */,
				2B633DB227C2A16200E1FB5F /* SceneDelegate.swift */,
				2B633DB427C2A16200E1FB5F /* ViewController.swift */,
				2B633DB927C2A17800E1FB5F /* Assets.xcassets */,
				2B633DBB27C2A17800E1FB5F /* LaunchScreen.storyboard */,
				2B633DBE27C2A17800E1FB5F /* Info.plist */,
			);
			path = AudioExportExample;
			sourceTree = "<group>";
		};
		2B633DC627C2A3C200E1FB5F /* Media */ = {
			isa = PBXGroup;
			children = (
				2B633DC727C2A3D200E1FB5F /* blank_landscape.mp4 */,
				2B633DC827C2A3D200E1FB5F /* blank_portrait.mp4 */,
			);
			path = Media;
			sourceTree = "<group>";
		};
		2B633DD027C2A79F00E1FB5F /* AudioMovieExporter */ = {
			isa = PBXGroup;
			children = (
				2B633DC627C2A3C200E1FB5F /* Media */,
				2B633DD427C33BAE00E1FB5F /* AudioMovieConfiguration.swift */,
				2B633DD827C33FCD00E1FB5F /* AudioMovieExporterDelegate.swift */,
				2B633DE027C3413400E1FB5F /* AudioMovieExporterError.swift */,
				2B633DD127C2A7AE00E1FB5F /* AudioMovieExporter.swift */,
			);
			path = AudioMovieExporter;
			sourceTree = "<group>";
		};
		2B633DE827C3892100E1FB5F /* Libraries */ = {
			isa = PBXGroup;
			children = (
				2B633DD027C2A79F00E1FB5F /* AudioMovieExporter */,
				2B633DE927C3892700E1FB5F /* Easy UX */,
			);
			path = Libraries;
			sourceTree = "<group>";
		};
		2B633DE927C3892700E1FB5F /* Easy UX */ = {
			isa = PBXGroup;
			children = (
				2B633DE527C3891C00E1FB5F /* EUXLoader.swift */,
			);
			path = "Easy UX";
			sourceTree = "<group>";
		};
/* End PBXGroup section */

/* Begin PBXNativeTarget section */
		2B633DAC27C2A16200E1FB5F /* AudioExportExample */ = {
			isa = PBXNativeTarget;
			buildConfigurationList = 2B633DC127C2A17800E1FB5F /* Build configuration list for PBXNativeTarget "AudioExportExample" */;
			buildPhases = (
				2B633DA927C2A16200E1FB5F /* Sources */,
				2B633DAA27C2A16200E1FB5F /* Frameworks */,
				2B633DAB27C2A16200E1FB5F /* Resources */,
			);
			buildRules = (
			);
			dependencies = (
			);
			name = AudioExportExample;
			productName = AudioExportExample;
			productReference = 2B633DAD27C2A16200E1FB5F /* AudioExportExample.app */;
			productType = "com.apple.product-type.application";
		};
/* End PBXNativeTarget section */

/* Begin PBXProject section */
		2B633DA527C2A16200E1FB5F /* Project object */ = {
			isa = PBXProject;
			attributes = {
				LastSwiftUpdateCheck = 1240;
				LastUpgradeCheck = 1240;
				TargetAttributes = {
					2B633DAC27C2A16200E1FB5F = {
						CreatedOnToolsVersion = 12.4;
					};
				};
			};
			buildConfigurationList = 2B633DA827C2A16200E1FB5F /* Build configuration list for PBXProject "AudioExportExample" */;
			compatibilityVersion = "Xcode 9.3";
			developmentRegion = en;
			hasScannedForEncodings = 0;
			knownRegions = (
				en,
				Base,
			);
			mainGroup = 2B633DA427C2A16200E1FB5F;
			productRefGroup = 2B633DAE27C2A16200E1FB5F /* Products */;
			projectDirPath = "";
			projectRoot = "";
			targets = (
				2B633DAC27C2A16200E1FB5F /* AudioExportExample */,
			);
		};
/* End PBXProject section */

/* Begin PBXResourcesBuildPhase section */
		2B633DAB27C2A16200E1FB5F /* Resources */ = {
			isa = PBXResourcesBuildPhase;
			buildActionMask = 2147483647;
			files = (
				2B633DBD27C2A17800E1FB5F /* LaunchScreen.storyboard in Resources */,
				2B633DCA27C2A3D200E1FB5F /* blank_portrait.mp4 in Resources */,
				2B633DBA27C2A17800E1FB5F /* Assets.xcassets in Resources */,
				2B633DC927C2A3D200E1FB5F /* blank_landscape.mp4 in Resources */,
				2B633DCD27C2A3EC00E1FB5F /* sample.m4a in Resources */,
			);
			runOnlyForDeploymentPostprocessing = 0;
		};
/* End PBXResourcesBuildPhase section */

/* Begin PBXSourcesBuildPhase section */
		2B633DA927C2A16200E1FB5F /* Sources */ = {
			isa = PBXSourcesBuildPhase;
			buildActionMask = 2147483647;
			files = (
				2B633DB527C2A16200E1FB5F /* ViewController.swift in Sources */,
				2B633DB127C2A16200E1FB5F /* AppDelegate.swift in Sources */,
				2B633DE127C3413400E1FB5F /* AudioMovieExporterError.swift in Sources */,
				2B633DE627C3891C00E1FB5F /* EUXLoader.swift in Sources */,
				2B633DD927C33FCD00E1FB5F /* AudioMovieExporterDelegate.swift in Sources */,
				2B633DD527C33BAE00E1FB5F /* AudioMovieConfiguration.swift in Sources */,
				2B633DD227C2A7AE00E1FB5F /* AudioMovieExporter.swift in Sources */,
				2B633DB327C2A16200E1FB5F /* SceneDelegate.swift in Sources */,
			);
			runOnlyForDeploymentPostprocessing = 0;
		};
/* End PBXSourcesBuildPhase section */

/* Begin PBXVariantGroup section */
		2B633DBB27C2A17800E1FB5F /* LaunchScreen.storyboard */ = {
			isa = PBXVariantGroup;
			children = (
				2B633DBC27C2A17800E1FB5F /* Base */,
			);
			name = LaunchScreen.storyboard;
			sourceTree = "<group>";
		};
/* End PBXVariantGroup section */

/* Begin XCBuildConfiguration section */
		2B633DBF27C2A17800E1FB5F /* Debug */ = {
			isa = XCBuildConfiguration;
			buildSettings = {
				ALWAYS_SEARCH_USER_PATHS = NO;
				CLANG_ANALYZER_NONNULL = YES;
				CLANG_ANALYZER_NUMBER_OBJECT_CONVERSION = YES_AGGRESSIVE;
				CLANG_CXX_LANGUAGE_STANDARD = "gnu++14";
				CLANG_CXX_LIBRARY = "libc++";
				CLANG_ENABLE_MODULES = YES;
				CLANG_ENABLE_OBJC_ARC = YES;
				CLANG_ENABLE_OBJC_WEAK = YES;
				CLANG_WARN_BLOCK_CAPTURE_AUTORELEASING = YES;
				CLANG_WARN_BOOL_CONVERSION = YES;
				CLANG_WARN_COMMA = YES;
				CLANG_WARN_CONSTANT_CONVERSION = YES;
				CLANG_WARN_DEPRECATED_OBJC_IMPLEMENTATIONS = YES;
				CLANG_WARN_DIRECT_OBJC_ISA_USAGE = YES_ERROR;
				CLANG_WARN_DOCUMENTATION_COMMENTS = YES;
				CLANG_WARN_EMPTY_BODY = YES;
				CLANG_WARN_ENUM_CONVERSION = YES;
				CLANG_WARN_INFINITE_RECURSION = YES;
				CLANG_WARN_INT_CONVERSION = YES;
				CLANG_WARN_NON_LITERAL_NULL_CONVERSION = YES;
				CLANG_WARN_OBJC_IMPLICIT_RETAIN_SELF = YES;
				CLANG_WARN_OBJC_LITERAL_CONVERSION = YES;
				CLANG_WARN_OBJC_ROOT_CLASS = YES_ERROR;
				CLANG_WARN_QUOTED_INCLUDE_IN_FRAMEWORK_HEADER = YES;
				CLANG_WARN_RANGE_LOOP_ANALYSIS = YES;
				CLANG_WARN_STRICT_PROTOTYPES = YES;
				CLANG_WARN_SUSPICIOUS_MOVE = YES;
				CLANG_WARN_UNGUARDED_AVAILABILITY = YES_AGGRESSIVE;
				CLANG_WARN_UNREACHABLE_CODE = YES;
				CLANG_WARN__DUPLICATE_METHOD_MATCH = YES;
				COPY_PHASE_STRIP = NO;
				DEBUG_INFORMATION_FORMAT = dwarf;
				ENABLE_STRICT_OBJC_MSGSEND = YES;
				ENABLE_TESTABILITY = YES;
				GCC_C_LANGUAGE_STANDARD = gnu11;
				GCC_DYNAMIC_NO_PIC = NO;
				GCC_NO_COMMON_BLOCKS = YES;
				GCC_OPTIMIZATION_LEVEL = 0;
				GCC_PREPROCESSOR_DEFINITIONS = (
					"DEBUG=1",
					"$(inherited)",
				);
				GCC_WARN_64_TO_32_BIT_CONVERSION = YES;
				GCC_WARN_ABOUT_RETURN_TYPE = YES_ERROR;
				GCC_WARN_UNDECLARED_SELECTOR = YES;
				GCC_WARN_UNINITIALIZED_AUTOS = YES_AGGRESSIVE;
				GCC_WARN_UNUSED_FUNCTION = YES;
				GCC_WARN_UNUSED_VARIABLE = YES;
				IPHONEOS_DEPLOYMENT_TARGET = 14.4;
				MTL_ENABLE_DEBUG_INFO = INCLUDE_SOURCE;
				MTL_FAST_MATH = YES;
				ONLY_ACTIVE_ARCH = YES;
				SDKROOT = iphoneos;
				SWIFT_ACTIVE_COMPILATION_CONDITIONS = DEBUG;
				SWIFT_OPTIMIZATION_LEVEL = "-Onone";
			};
			name = Debug;
		};
		2B633DC027C2A17800E1FB5F /* Release */ = {
			isa = XCBuildConfiguration;
			buildSettings = {
				ALWAYS_SEARCH_USER_PATHS = NO;
				CLANG_ANALYZER_NONNULL = YES;
				CLANG_ANALYZER_NUMBER_OBJECT_CONVERSION = YES_AGGRESSIVE;
				CLANG_CXX_LANGUAGE_STANDARD = "gnu++14";
				CLANG_CXX_LIBRARY = "libc++";
				CLANG_ENABLE_MODULES = YES;
				CLANG_ENABLE_OBJC_ARC = YES;
				CLANG_ENABLE_OBJC_WEAK = YES;
				CLANG_WARN_BLOCK_CAPTURE_AUTORELEASING = YES;
				CLANG_WARN_BOOL_CONVERSION = YES;
				CLANG_WARN_COMMA = YES;
				CLANG_WARN_CONSTANT_CONVERSION = YES;
				CLANG_WARN_DEPRECATED_OBJC_IMPLEMENTATIONS = YES;
				CLANG_WARN_DIRECT_OBJC_ISA_USAGE = YES_ERROR;
				CLANG_WARN_DOCUMENTATION_COMMENTS = YES;
				CLANG_WARN_EMPTY_BODY = YES;
				CLANG_WARN_ENUM_CONVERSION = YES;
				CLANG_WARN_INFINITE_RECURSION = YES;
				CLANG_WARN_INT_CONVERSION = YES;
				CLANG_WARN_NON_LITERAL_NULL_CONVERSION = YES;
				CLANG_WARN_OBJC_IMPLICIT_RETAIN_SELF = YES;
				CLANG_WARN_OBJC_LITERAL_CONVERSION = YES;
				CLANG_WARN_OBJC_ROOT_CLASS = YES_ERROR;
				CLANG_WARN_QUOTED_INCLUDE_IN_FRAMEWORK_HEADER = YES;
				CLANG_WARN_RANGE_LOOP_ANALYSIS = YES;
				CLANG_WARN_STRICT_PROTOTYPES = YES;
				CLANG_WARN_SUSPICIOUS_MOVE = YES;
				CLANG_WARN_UNGUARDED_AVAILABILITY = YES_AGGRESSIVE;
				CLANG_WARN_UNREACHABLE_CODE = YES;
				CLANG_WARN__DUPLICATE_METHOD_MATCH = YES;
				COPY_PHASE_STRIP = NO;
				DEBUG_INFORMATION_FORMAT = "dwarf-with-dsym";
				ENABLE_NS_ASSERTIONS = NO;
				ENABLE_STRICT_OBJC_MSGSEND = YES;
				GCC_C_LANGUAGE_STANDARD = gnu11;
				GCC_NO_COMMON_BLOCKS = YES;
				GCC_WARN_64_TO_32_BIT_CONVERSION = YES;
				GCC_WARN_ABOUT_RETURN_TYPE = YES_ERROR;
				GCC_WARN_UNDECLARED_SELECTOR = YES;
				GCC_WARN_UNINITIALIZED_AUTOS = YES_AGGRESSIVE;
				GCC_WARN_UNUSED_FUNCTION = YES;
				GCC_WARN_UNUSED_VARIABLE = YES;
				IPHONEOS_DEPLOYMENT_TARGET = 14.4;
				MTL_ENABLE_DEBUG_INFO = NO;
				MTL_FAST_MATH = YES;
				SDKROOT = iphoneos;
				SWIFT_COMPILATION_MODE = wholemodule;
				SWIFT_OPTIMIZATION_LEVEL = "-O";
				VALIDATE_PRODUCT = YES;
			};
			name = Release;
		};
		2B633DC227C2A17800E1FB5F /* Debug */ = {
			isa = XCBuildConfiguration;
			buildSettings = {
				ASSETCATALOG_COMPILER_APPICON_NAME = AppIcon;
				ASSETCATALOG_COMPILER_GLOBAL_ACCENT_COLOR_NAME = AccentColor;
				CODE_SIGN_STYLE = Automatic;
				CURRENT_PROJECT_VERSION = 0;
				DEVELOPMENT_TEAM = 7QNUJ3KXAJ;
				INFOPLIST_FILE = AudioExportExample/Info.plist;
				LD_RUNPATH_SEARCH_PATHS = (
					"$(inherited)",
					"@executable_path/Frameworks",
				);
				MARKETING_VERSION = 1.0.0;
				PRODUCT_BUNDLE_IDENTIFIER = com.mindhyve.testing;
				PRODUCT_NAME = "$(TARGET_NAME)";
				SWIFT_VERSION = 5.0;
				TARGETED_DEVICE_FAMILY = 1;
			};
			name = Debug;
		};
		2B633DC327C2A17800E1FB5F /* Release */ = {
			isa = XCBuildConfiguration;
			buildSettings = {
				ASSETCATALOG_COMPILER_APPICON_NAME = AppIcon;
				ASSETCATALOG_COMPILER_GLOBAL_ACCENT_COLOR_NAME = AccentColor;
				CODE_SIGN_STYLE = Automatic;
				CURRENT_PROJECT_VERSION = 0;
				DEVELOPMENT_TEAM = 7QNUJ3KXAJ;
				INFOPLIST_FILE = AudioExportExample/Info.plist;
				LD_RUNPATH_SEARCH_PATHS = (
					"$(inherited)",
					"@executable_path/Frameworks",
				);
				MARKETING_VERSION = 1.0.0;
				PRODUCT_BUNDLE_IDENTIFIER = com.mindhyve.testing;
				PRODUCT_NAME = "$(TARGET_NAME)";
				SWIFT_VERSION = 5.0;
				TARGETED_DEVICE_FAMILY = 1;
			};
			name = Release;
		};
/* End XCBuildConfiguration section */

/* Begin XCConfigurationList section */
		2B633DA827C2A16200E1FB5F /* Build configuration list for PBXProject "AudioExportExample" */ = {
			isa = XCConfigurationList;
			buildConfigurations = (
				2B633DBF27C2A17800E1FB5F /* Debug */,
				2B633DC027C2A17800E1FB5F /* Release */,
			);
			defaultConfigurationIsVisible = 0;
			defaultConfigurationName = Release;
		};
		2B633DC127C2A17800E1FB5F /* Build configuration list for PBXNativeTarget "AudioExportExample" */ = {
			isa = XCConfigurationList;
			buildConfigurations = (
				2B633DC227C2A17800E1FB5F /* Debug */,
				2B633DC327C2A17800E1FB5F /* Release */,
			);
			defaultConfigurationIsVisible = 0;
			defaultConfigurationName = Release;
		};
/* End XCConfigurationList section */
	};
	rootObject = 2B633DA527C2A16200E1FB5F /* Project object */;
}
